
Microsoft Visual Studio Solution File, Format Version 12.00
# Visual Studio Version 16
VisualStudioVersion = 16.0.31112.23
MinimumVisualStudioVersion = 10.0.40219.1
Project("{FAE04EC0-301F-11D3-BF4B-00C04F79EFBC}") = "kombiantorika", "kombiantorika\kombiantorika.csproj", "{5031D954-4372-4023-926E-F77EDEE1830C}"
EndProject
Global
	GlobalSection(SolutionConfigurationPlatforms) = preSolution
		Debug|Any CPU = Debug|Any CPU
		Release|Any CPU = Release|Any CPU
	EndGlobalSection
	GlobalSection(ProjectConfigurationPlatforms) = postSolution
		{5031D954-4372-4023-926E-F77EDEE1830C}.Debug|Any CPU.ActiveCfg = Debug|Any CPU
		{5031D954-4372-4023-926E-F77EDEE1830C}.Debug|Any CPU.Build.0 = Debug|Any CPU
		{5031D954-4372-4023-926E-F77EDEE1830C}.Release|Any CPU.ActiveCfg = Release|Any CPU
		{5031D954-4372-4023-926E-F77EDEE1830C}.Release|Any CPU.Build.0 = Release|Any CPU
	EndGlobalSection
	GlobalSection(SolutionProperties) = preSolution
		HideSolutionNode = FALSE
	EndGlobalSection
	GlobalSection(ExtensibilityGlobals) = postSolution
		SolutionGuid = {2FE85977-CCA5-45F9-88C2-92151C700E8E}
	EndGlobalSection
EndGlobal
